
Microsoft Visual Studio Solution File, Format Version 12.00
# Visual Studio Version 16
VisualStudioVersion = 16.0.29728.190
MinimumVisualStudioVersion = 10.0.40219.1
Project("{FAE04EC0-301F-11D3-BF4B-00C04F79EFBC}") = "Test4", "Test4.csproj", "{839ECCB9-EC93-4CDE-98A8-CE46F8090A10}"
EndProject
Global
	GlobalSection(SolutionConfigurationPlatforms) = preSolution
		Debug|Any CPU = Debug|Any CPU
		Release|Any CPU = Release|Any CPU
	EndGlobalSection
	GlobalSection(ProjectConfigurationPlatforms) = postSolution
		{839ECCB9-EC93-4CDE-98A8-CE46F8090A10}.Debug|Any CPU.ActiveCfg = Debug|Any CPU
		{839ECCB9-EC93-4CDE-98A8-CE46F8090A10}.Debug|Any CPU.Build.0 = Debug|Any CPU
		{839ECCB9-EC93-4CDE-98A8-CE46F8090A10}.Release|Any CPU.ActiveCfg = Release|Any CPU
		{839ECCB9-EC93-4CDE-98A8-CE46F8090A10}.Release|Any CPU.Build.0 = Release|Any CPU
	EndGlobalSection
	GlobalSection(SolutionProperties) = preSolution
		HideSolutionNode = FALSE
	EndGlobalSection
	GlobalSection(ExtensibilityGlobals) = postSolution
		SolutionGuid = {EC11DBC3-97B7-4819-86C3-BD0EF2D67BFE}
	EndGlobalSection
EndGlobal
